[[tools.dotnet]]
version = "8.0.414"
backend = "asdf:dotnet"

[[tools."github:pulumi/pulumictl"]]
version = "0.0.50"
backend = "github:pulumi/pulumictl"

[[tools."github:pulumi/schema-tools"]]
version = "0.6.0"
backend = "github:pulumi/schema-tools"

[[tools.go]]
version = "1.25.1"
backend = "core:go"

[[tools.gradle]]
version = "7.6.6"
backend = "aqua:gradle/gradle"

[[tools.java]]
version = "corretto-11.0.28.6.1"
backend = "core:java"

[[tools.node]]
version = "20.19.5"
backend = "core:node"

[[tools."npm:yarn"]]
version = "1.22.22"
backend = "npm:yarn"

[[tools.pulumi]]
version = "3.190.0"
backend = "aqua:pulumi/pulumi"

[tools.pulumi.platforms.linux-x64]
checksum = "sha512:1847aaa3c3c0202cff9cbd3f547c5965abb2b2f83199b47c36c23121d7c860662b6d817226709fc3eadd24551a30ab656699d2eb992d2085bb90db6c195c2379"
size = 92837374
url = "https://github.com/pulumi/pulumi/releases/download/v3.190.0/pulumi-v3.190.0-linux-x64.tar.gz"

[tools.pulumi.platforms.macos-arm64]
checksum = "sha512:b318c51ce2ed982acff5b3bf55d52b64c7fb477436832ec66e85f5ffda08084273f7e484fb7055b9f21c8840e4c2451eaafe90ef0a11d3498f8438d3e66eb651"
size = 84664371
url = "https://github.com/pulumi/pulumi/releases/download/v3.190.0/pulumi-v3.190.0-darwin-arm64.tar.gz"

[[tools.python]]
version = "3.11.8"
backend = "core:python"

[[tools."vfox-pulumi:pulumi/pulumi-aws"]]
version = "7.10.0"
backend = "vfox-pulumi:pulumi/pulumi-aws"

[[tools."vfox-pulumi:pulumi/pulumi-converter-terraform"]]
version = "1.2.4"
backend = "vfox-pulumi:pulumi/pulumi-converter-terraform"

[[tools."vfox-pulumi:pulumi/pulumi-random"]]
version = "4.18.4"
backend = "vfox-pulumi:pulumi/pulumi-random"
