[[tools.dotnet]]
version = "8.0.414"
backend = "asdf:dotnet"

[[tools."github:pulumi/pulumictl"]]
version = "0.0.50"
backend = "github:pulumi/pulumictl"

[[tools."github:pulumi/schema-tools"]]
version = "0.6.0"
backend = "github:pulumi/schema-tools"

[[tools.go]]
version = "1.25.3"
backend = "core:go"

[[tools.gradle]]
version = "7.6.6"
backend = "aqua:gradle/gradle"

[[tools.java]]
version = "corretto-11.0.30.7.1"
backend = "core:java"

[tools.java.platforms.linux-x64]
checksum = "sha256:c4843d67b7c8f5f8ffbab43b90b8595243f48aa545b713e30e1d29a5f23b364c"
size = 195460057
url = "https://corretto.aws/downloads/resources/11.0.30.7.1/amazon-corretto-11.0.30.7.1-linux-x64.tar.gz"

[[tools.node]]
version = "20.19.5"
backend = "core:node"

[[tools."npm:yarn"]]
version = "1.22.22"
backend = "npm:yarn"

[[tools.pulumi]]
version = "3.207.0"
backend = "aqua:pulumi/pulumi"

[[tools.python]]
version = "3.11.8"
backend = "core:python"

[[tools."vfox-pulumi:pulumi/pulumi-aws"]]
version = "7.16.0"
backend = "vfox-pulumi:pulumi/pulumi-aws"

[[tools."vfox-pulumi:pulumi/pulumi-converter-terraform"]]
version = "1.2.4"
backend = "vfox-pulumi:pulumi/pulumi-converter-terraform"

[[tools."vfox-pulumi:pulumi/pulumi-random"]]
version = "4.19.0"
backend = "vfox-pulumi:pulumi/pulumi-random"
