[[tools.dotnet]]
version = "8.0.414"
backend = "asdf:dotnet"

[[tools."github:pulumi/pulumictl"]]
version = "0.0.50"
backend = "github:pulumi/pulumictl"

[[tools."github:pulumi/schema-tools"]]
version = "0.6.0"
backend = "github:pulumi/schema-tools"

[[tools.go]]
version = "1.25.3"
backend = "core:go"

[tools.go.platforms.linux-x64]
checksum = "sha256:0335f314b6e7bfe08c3d0cfaa7c19db961b7b99fb20be62b0a826c992ad14e0f"
size = 59767979
url = "https://dl.google.com/go/go1.25.3.linux-amd64.tar.gz"

[[tools.gradle]]
version = "7.6.6"
backend = "aqua:gradle/gradle"

[[tools.java]]
version = "corretto-11.0.29.7.1"
backend = "core:java"

[tools.java.platforms.linux-x64]
checksum = "sha256:279c6d3124f8b0251b16297b16687fe8b3946410b05ed27de1259b5e5cea02ba"
size = 195379320
url = "https://corretto.aws/downloads/resources/11.0.29.7.1/amazon-corretto-11.0.29.7.1-linux-x64.tar.gz"

[tools.java.platforms.macos-arm64]
checksum = "sha256:3fcf93300022d20f6a460221cba0a4c7337679b777699409f2db4d20ae9b69b5"
size = 185375727
url = "https://corretto.aws/downloads/resources/11.0.29.7.1/amazon-corretto-11.0.29.7.1-macosx-aarch64.tar.gz"

[[tools.node]]
version = "20.19.5"
backend = "core:node"

[[tools."npm:yarn"]]
version = "1.22.22"
backend = "npm:yarn"

[[tools.pulumi]]
version = "3.190.0"
backend = "aqua:pulumi/pulumi"

[tools.pulumi.platforms.linux-x64]
checksum = "sha512:1847aaa3c3c0202cff9cbd3f547c5965abb2b2f83199b47c36c23121d7c860662b6d817226709fc3eadd24551a30ab656699d2eb992d2085bb90db6c195c2379"
size = 92837374
url = "https://github.com/pulumi/pulumi/releases/download/v3.190.0/pulumi-v3.190.0-linux-x64.tar.gz"

[tools.pulumi.platforms.macos-arm64]
checksum = "sha512:b318c51ce2ed982acff5b3bf55d52b64c7fb477436832ec66e85f5ffda08084273f7e484fb7055b9f21c8840e4c2451eaafe90ef0a11d3498f8438d3e66eb651"
size = 84664371
url = "https://github.com/pulumi/pulumi/releases/download/v3.190.0/pulumi-v3.190.0-darwin-arm64.tar.gz"

[[tools.python]]
version = "3.11.8"
backend = "core:python"

[[tools."vfox-pulumi:pulumi/pulumi-aws"]]
version = "7.11.0"
backend = "vfox-pulumi:pulumi/pulumi-aws"

[[tools."vfox-pulumi:pulumi/pulumi-converter-terraform"]]
version = "1.2.4"
backend = "vfox-pulumi:pulumi/pulumi-converter-terraform"

[[tools."vfox-pulumi:pulumi/pulumi-random"]]
version = "4.18.4"
backend = "vfox-pulumi:pulumi/pulumi-random"
